
Microsoft Visual Studio Solution File, Format Version 12.00
# Visual Studio Version 17
VisualStudioVersion = 17.5.33530.505
MinimumVisualStudioVersion = 10.0.40219.1
Project("{FAE04EC0-301F-11D3-BF4B-00C04F79EFBC}") = "Application_Core", "Application_Core\Application_Core.csproj", "{F2B6EE2C-3E8D-47A0-9963-65138CD7B1FF}"
EndProject
Global
	GlobalSection(SolutionConfigurationPlatforms) = preSolution
		Debug|Any CPU = Debug|Any CPU
		Release|Any CPU = Release|Any CPU
	EndGlobalSection
	GlobalSection(ProjectConfigurationPlatforms) = postSolution
		{F2B6EE2C-3E8D-47A0-9963-65138CD7B1FF}.Debug|Any CPU.ActiveCfg = Debug|Any CPU
		{F2B6EE2C-3E8D-47A0-9963-65138CD7B1FF}.Debug|Any CPU.Build.0 = Debug|Any CPU
		{F2B6EE2C-3E8D-47A0-9963-65138CD7B1FF}.Release|Any CPU.ActiveCfg = Release|Any CPU
		{F2B6EE2C-3E8D-47A0-9963-65138CD7B1FF}.Release|Any CPU.Build.0 = Release|Any CPU
	EndGlobalSection
	GlobalSection(SolutionProperties) = preSolution
		HideSolutionNode = FALSE
	EndGlobalSection
	GlobalSection(ExtensibilityGlobals) = postSolution
		SolutionGuid = {019D9D24-D09F-43E7-A370-9A1D93344190}
	EndGlobalSection
EndGlobal
